
Microsoft Visual Studio Solution File, Format Version 12.00
# Visual Studio 2012
Project("{FAE04EC0-301F-11D3-BF4B-00C04F79EFBC}") = "AdvancedNumberConversion", "AdvancedNumberConversion\AdvancedNumberConversion.csproj", "{9BB0A945-F9CD-4254-A90E-69A42E6CA844}"
EndProject
Global
	GlobalSection(SolutionConfigurationPlatforms) = preSolution
		Debug|Any CPU = Debug|Any CPU
		Release|Any CPU = Release|Any CPU
	EndGlobalSection
	GlobalSection(ProjectConfigurationPlatforms) = postSolution
		{9BB0A945-F9CD-4254-A90E-69A42E6CA844}.Debug|Any CPU.ActiveCfg = Debug|Any CPU
		{9BB0A945-F9CD-4254-A90E-69A42E6CA844}.Debug|Any CPU.Build.0 = Debug|Any CPU
		{9BB0A945-F9CD-4254-A90E-69A42E6CA844}.Release|Any CPU.ActiveCfg = Release|Any CPU
		{9BB0A945-F9CD-4254-A90E-69A42E6CA844}.Release|Any CPU.Build.0 = Release|Any CPU
	EndGlobalSection
	GlobalSection(SolutionProperties) = preSolution
		HideSolutionNode = FALSE
	EndGlobalSection
EndGlobal
